
Microsoft Visual Studio Solution File, Format Version 12.00
# Visual Studio Version 17
VisualStudioVersion = 17.5.002.0
MinimumVisualStudioVersion = 10.0.40219.1
Project("{9A19103F-16F7-4668-BE54-9A1E7A4F7556}") = "c", "task0\c.csproj", "{27249FEF-4EFD-4648-B5AA-15E1C4E14D1D}"
EndProject
Global
	GlobalSection(SolutionConfigurationPlatforms) = preSolution
		Debug|Any CPU = Debug|Any CPU
		Release|Any CPU = Release|Any CPU
	EndGlobalSection
	GlobalSection(ProjectConfigurationPlatforms) = postSolution
		{27249FEF-4EFD-4648-B5AA-15E1C4E14D1D}.Debug|Any CPU.ActiveCfg = Debug|Any CPU
		{27249FEF-4EFD-4648-B5AA-15E1C4E14D1D}.Debug|Any CPU.Build.0 = Debug|Any CPU
		{27249FEF-4EFD-4648-B5AA-15E1C4E14D1D}.Release|Any CPU.ActiveCfg = Release|Any CPU
		{27249FEF-4EFD-4648-B5AA-15E1C4E14D1D}.Release|Any CPU.Build.0 = Release|Any CPU
	EndGlobalSection
	GlobalSection(SolutionProperties) = preSolution
		HideSolutionNode = FALSE
	EndGlobalSection
	GlobalSection(ExtensibilityGlobals) = postSolution
		SolutionGuid = {420FD19D-5DE3-408E-8F5C-B4102C417839}
	EndGlobalSection
EndGlobal
